
Microsoft Visual Studio Solution File, Format Version 12.00
Project("{FAE04EC0-301F-11D3-BF4B-00C04F79EFBC}") = "CustomDiscoverStateExample", "CustomDiscoverStateExample\CustomDiscoverStateExample.csproj", "{1430EB32-D94E-4948-88A5-D6EFF9C35E55}"
Project("{FAE04EC0-301F-11D3-BF4B-00C04F79EFBA}") = "CustomDiscoverStateLib", "CustomDiscoverStateLib\CustomDiscoverStateLib.csproj", "{1430EB32-D94E-4948-88A5-D6EFF9C35E56}"
EndProject
Global
	GlobalSection(SolutionConfigurationPlatforms) = preSolution
		Debug|Any CPU = Debug|Any CPU
		Release|Any CPU = Release|Any CPU
	EndGlobalSection
	GlobalSection(ProjectConfigurationPlatforms) = postSolution
		{1430EB32-D94E-4948-88A5-D6EFF9C35E55}.Debug|Any CPU.ActiveCfg = Debug|Any CPU
		{1430EB32-D94E-4948-88A5-D6EFF9C35E55}.Debug|Any CPU.Build.0 = Debug|Any CPU
		{1430EB32-D94E-4948-88A5-D6EFF9C35E55}.Release|Any CPU.ActiveCfg = Release|Any CPU
		{1430EB32-D94E-4948-88A5-D6EFF9C35E55}.Release|Any CPU.Build.0 = Release|Any CPU
		{1430EB32-D94E-4948-88A5-D6EFF9C35E56}.Debug|Any CPU.ActiveCfg = Debug|Any CPU
		{1430EB32-D94E-4948-88A5-D6EFF9C35E56}.Debug|Any CPU.Build.0 = Debug|Any CPU
		{1430EB32-D94E-4948-88A5-D6EFF9C35E56}.Release|Any CPU.ActiveCfg = Release|Any CPU
		{1430EB32-D94E-4948-88A5-D6EFF9C35E56}.Release|Any CPU.Build.0 = Release|Any CPU
	EndGlobalSection
EndGlobal
